{
    "clue/stream-filter": {
        "version": "v1.4.0"
    },
    "colorfield/mastodon-api": {
        "version": "dev-master"
    },
    "doctrine/annotations": {
        "version": "1.0",
        "recipe": {
            "repo": "github.com/symfony/recipes",
            "branch": "master",
            "version": "1.0",
            "ref": "cb4152ebcadbe620ea2261da1a1c5a9b8cea7672"
        }
    },
    "doctrine/cache": {
        "version": "1.8.x-dev"
    },
    "doctrine/collections": {
        "version": "1.6.x-dev"
    },
    "doctrine/common": {
        "version": "2.9.x-dev"
    },
    "doctrine/data-fixtures": {
        "version": "v1.3.1"
    },
    "doctrine/dbal": {
        "version": "2.8.x-dev"
    },
    "doctrine/doctrine-bundle": {
        "version": "1.6",
        "recipe": {
            "repo": "github.com/symfony/recipes",
            "branch": "master",
            "version": "1.6",
            "ref": "ae205d5114e719deb64d2110f56ef910787d1e04"
        }
    },
    "doctrine/doctrine-fixtures-bundle": {
        "version": "3.0",
        "recipe": {
            "repo": "github.com/symfony/recipes",
            "branch": "master",
            "version": "3.0",
            "ref": "2ea6070ecf365f9a801ccaed4b31d4a3b7af5693"
        }
    },
    "doctrine/doctrine-migrations-bundle": {
        "version": "1.2",
        "recipe": {
            "repo": "github.com/symfony/recipes",
            "branch": "master",
            "version": "1.2",
            "ref": "c1431086fec31f17fbcfe6d6d7e92059458facc1"
        }
    },
    "doctrine/event-manager": {
        "version": "v1.0.0"
    },
    "doctrine/inflector": {
        "version": "1.3.x-dev"
    },
    "doctrine/instantiator": {
        "version": "1.2.x-dev"
    },
    "doctrine/lexer": {
        "version": "1.0.x-dev"
    },
    "doctrine/migrations": {
        "version": "1.8.x-dev"
    },
    "doctrine/orm": {
        "version": "2.7.x-dev"
    },
    "doctrine/persistence": {
        "version": "v1.0.1"
    },
    "doctrine/reflection": {
        "version": "v1.0.0"
    },
    "easycorp/easyadmin-bundle": {
        "version": "1.17",
        "recipe": {
            "repo": "github.com/symfony/recipes",
            "branch": "master",
            "version": "1.17",
            "ref": "66070ea553247b0cd5275e21d0fe5399a25f40be"
        }
    },
    "egulias/email-validator": {
        "version": "2.1.4"
    },
    "evenement/evenement": {
        "version": "v3.0.1"
    },
    "guzzlehttp/guzzle": {
        "version": "6.3.3"
    },
    "guzzlehttp/promises": {
        "version": "v1.3.1"
    },
    "guzzlehttp/psr7": {
        "version": "1.4.2"
    },
    "imagine/imagine": {
        "version": "v0.7.1"
    },
    "jdorn/sql-formatter": {
        "version": "1.3.x-dev"
    },
    "laminas/laminas-zendframework-bridge": {
        "version": "1.0.1"
    },
    "league/oauth2-client": {
        "version": "2.3.0"
    },
    "liip/imagine-bundle": {
        "version": "1.8",
        "recipe": {
            "repo": "github.com/symfony/recipes-contrib",
            "branch": "master",
            "version": "1.8",
            "ref": "7f6676627c1ceeeee204553d24a0545d5f918b7b"
        }
    },
    "monolog/monolog": {
        "version": "1.x-dev"
    },
    "nikic/php-parser": {
        "version": "4.0-dev"
    },
    "nyholm/psr7": {
        "version": "1.0",
        "recipe": {
            "repo": "github.com/symfony/recipes",
            "branch": "master",
            "version": "1.0",
            "ref": "5e29a795c9996269c4cea2e87eeb3052c33cf98e"
        },
        "files": [
            "./config/packages/nyholm_psr7.yaml"
        ]
    },
    "ocramius/package-versions": {
        "version": "1.4.2"
    },
    "ocramius/proxy-manager": {
        "version": "2.2.x-dev"
    },
    "onlinq/monitoring": {
        "version": "1.0.0"
    },
    "onlinq/monitoring-bundle": {
        "version": "1.0.0"
    },
    "pagerfanta/pagerfanta": {
        "version": "v1.1.0"
    },
    "paragonie/random_compat": {
        "version": "v2.0.17"
    },
    "phergie/phergie-irc-client-react": {
        "version": "3.5.1"
    },
    "phergie/phergie-irc-connection": {
        "version": "2.0.0"
    },
    "phergie/phergie-irc-generator": {
        "version": "1.7.0"
    },
    "phergie/phergie-irc-parser": {
        "version": "2.3.1"
    },
    "php": {
        "version": "7.2.5"
    },
    "php-http/client-common": {
        "version": "1.8.1"
    },
    "php-http/curl-client": {
        "version": "v1.7.1"
    },
    "php-http/discovery": {
        "version": "1.4.0"
    },
    "php-http/guzzle6-adapter": {
        "version": "v1.1.1"
    },
    "php-http/httplug": {
        "version": "v1.1.0"
    },
    "php-http/httplug-bundle": {
        "version": "1.6",
        "recipe": {
            "repo": "github.com/symfony/recipes",
            "branch": "master",
            "version": "1.6",
            "ref": "4655962c64e2de96c418caf576c57215711c7877"
        }
    },
    "php-http/httplug-pack": {
        "version": "1.1.0"
    },
    "php-http/logger-plugin": {
        "version": "v1.0.0"
    },
    "php-http/message": {
        "version": "1.7.2"
    },
    "php-http/message-factory": {
        "version": "v1.0.2"
    },
    "php-http/promise": {
        "version": "v1.0.0"
    },
    "php-http/stopwatch-plugin": {
        "version": "1.1.0"
    },
    "phpdocumentor/reflection-common": {
        "version": "1.0.1"
    },
    "phpdocumentor/reflection-docblock": {
        "version": "4.3.0"
    },
    "phpdocumentor/type-resolver": {
        "version": "0.4.0"
    },
    "psr/cache": {
        "version": "1.0.x-dev"
    },
    "psr/container": {
        "version": "1.0.x-dev"
    },
    "psr/http-client": {
        "version": "1.0.0"
    },
    "psr/http-factory": {
        "version": "1.0.0"
    },
    "psr/http-message": {
        "version": "1.0.1"
    },
    "psr/link": {
        "version": "1.0.x-dev"
    },
    "psr/log": {
        "version": "1.0.x-dev"
    },
    "ralouphie/getallheaders": {
        "version": "2.0.5"
    },
    "react/cache": {
        "version": "v1.0.0"
    },
    "react/dns": {
        "version": "v0.4.19"
    },
    "react/event-loop": {
        "version": "v1.1.1"
    },
    "react/promise": {
        "version": "v2.7.1"
    },
    "react/promise-timer": {
        "version": "v1.5.1"
    },
    "react/socket": {
        "version": "v1.3.0"
    },
    "react/stream": {
        "version": "v1.1.0"
    },
    "rtheunissen/oauth2-reddit": {
        "version": "v2.0.2"
    },
    "sensio/framework-extra-bundle": {
        "version": "4.0",
        "recipe": {
            "repo": "github.com/symfony/recipes",
            "branch": "master",
            "version": "4.0",
            "ref": "aaddfdf43cdecd4cf91f992052d76c2cadc04543"
        }
    },
    "swiftmailer/swiftmailer": {
        "version": "6.1-dev"
    },
    "symfony/apache-pack": {
        "version": "1.0",
        "recipe": {
            "repo": "github.com/symfony/recipes-contrib",
            "branch": "master",
            "version": "1.0",
            "ref": "c82bead70f9a4f656354a193df7bf0ca2114efa0"
        }
    },
    "symfony/asset": {
        "version": "4.1.x-dev"
    },
    "symfony/browser-kit": {
        "version": "4.1.x-dev"
    },
    "symfony/cache": {
        "version": "4.1.x-dev"
    },
    "symfony/cache-contracts": {
        "version": "v1.1.1"
    },
    "symfony/config": {
        "version": "4.1.x-dev"
    },
    "symfony/console": {
        "version": "3.3",
        "recipe": {
            "repo": "github.com/symfony/recipes",
            "branch": "master",
            "version": "3.3",
            "ref": "e3868d2f4a5104f19f844fe551099a00c6562527"
        }
    },
    "symfony/css-selector": {
        "version": "4.1.x-dev"
    },
    "symfony/debug": {
        "version": "4.1.x-dev"
    },
    "symfony/debug-bundle": {
        "version": "4.1",
        "recipe": {
            "repo": "github.com/symfony/recipes",
            "branch": "master",
            "version": "4.1",
            "ref": "f8863cbad2f2e58c4b65fa1eac892ab189971bea"
        }
    },
    "symfony/debug-pack": {
        "version": "dev-master"
    },
    "symfony/dependency-injection": {
        "version": "4.1.x-dev"
    },
    "symfony/doctrine-bridge": {
        "version": "4.1.x-dev"
    },
    "symfony/dom-crawler": {
        "version": "4.1.x-dev"
    },
    "symfony/dotenv": {
        "version": "4.1.x-dev"
    },
    "symfony/error-handler": {
        "version": "v4.4.4"
    },
    "symfony/event-dispatcher": {
        "version": "4.1.x-dev"
    },
    "symfony/event-dispatcher-contracts": {
        "version": "v1.1.1"
    },
    "symfony/expression-language": {
        "version": "4.1.x-dev"
    },
    "symfony/filesystem": {
        "version": "4.1.x-dev"
    },
    "symfony/finder": {
        "version": "4.1.x-dev"
    },
    "symfony/flex": {
        "version": "1.0",
        "recipe": {
            "repo": "github.com/symfony/recipes",
            "branch": "master",
            "version": "1.0",
            "ref": "cc1afd81841db36fbef982fe56b48ade6716fac4"
        }
    },
    "symfony/form": {
        "version": "4.1.x-dev"
    },
    "symfony/framework-bundle": {
        "version": "3.3",
        "recipe": {
            "repo": "github.com/symfony/recipes",
            "branch": "master",
            "version": "3.3",
            "ref": "8a2f7fa50a528f0aad1d7a87ae3730c981b367ce"
        }
    },
    "symfony/http-foundation": {
        "version": "4.1.x-dev"
    },
    "symfony/http-kernel": {
        "version": "4.1.x-dev"
    },
    "symfony/inflector": {
        "version": "4.1.x-dev"
    },
    "symfony/intl": {
        "version": "4.1.x-dev"
    },
    "symfony/maker-bundle": {
        "version": "1.0",
        "recipe": {
            "repo": "github.com/symfony/recipes",
            "branch": "master",
            "version": "1.0",
            "ref": "fadbfe33303a76e25cb63401050439aa9b1a9c7f"
        }
    },
    "symfony/messenger": {
        "version": "4.3",
        "recipe": {
            "repo": "github.com/symfony/recipes",
            "branch": "master",
            "version": "4.3",
            "ref": "8a2675c061737658bed85102e9241c752620e575"
        },
        "files": [
            "./config/packages/messenger.yaml"
        ]
    },
    "symfony/mime": {
        "version": "v4.3.0"
    },
    "symfony/monolog-bridge": {
        "version": "4.1.x-dev"
    },
    "symfony/monolog-bundle": {
        "version": "3.1",
        "recipe": {
            "repo": "github.com/symfony/recipes",
            "branch": "master",
            "version": "3.1",
            "ref": "371d1a2b69984710646b09a1182ef1d4308c904f"
        }
    },
    "symfony/options-resolver": {
        "version": "4.1.x-dev"
    },
    "symfony/orm-pack": {
        "version": "dev-master"
    },
    "symfony/polyfill-intl-icu": {
        "version": "1.8-dev"
    },
    "symfony/polyfill-intl-idn": {
        "version": "v1.11.0"
    },
    "symfony/polyfill-mbstring": {
        "version": "1.8-dev"
    },
    "symfony/polyfill-php73": {
        "version": "v1.11.0"
    },
    "symfony/process": {
        "version": "4.1.x-dev"
    },
    "symfony/profiler-pack": {
        "version": "v1.0.3"
    },
    "symfony/property-access": {
        "version": "4.1.x-dev"
    },
    "symfony/property-info": {
        "version": "4.1.x-dev"
    },
    "symfony/routing": {
        "version": "4.0",
        "recipe": {
            "repo": "github.com/symfony/recipes",
            "branch": "master",
            "version": "4.0",
            "ref": "cda8b550123383d25827705d05a42acf6819fe4e"
        }
    },
    "symfony/security-bundle": {
        "version": "3.3",
        "recipe": {
            "repo": "github.com/symfony/recipes",
            "branch": "master",
            "version": "3.3",
            "ref": "f8a63faa0d9521526499c0a8f403c9964ecb0527"
        }
    },
    "symfony/security-core": {
        "version": "v4.2.5"
    },
    "symfony/security-csrf": {
        "version": "v4.2.5"
    },
    "symfony/security-guard": {
        "version": "v4.2.5"
    },
    "symfony/security-http": {
        "version": "v4.2.5"
    },
    "symfony/serializer": {
        "version": "4.1.x-dev"
    },
    "symfony/serializer-pack": {
        "version": "dev-master"
    },
    "symfony/service-contracts": {
        "version": "v1.1.2"
    },
    "symfony/stopwatch": {
        "version": "4.1.x-dev"
    },
    "symfony/swiftmailer-bundle": {
        "version": "2.5",
        "recipe": {
            "repo": "github.com/symfony/recipes",
            "branch": "master",
            "version": "2.5",
            "ref": "3db029c03e452b4a23f7fc45cec7c922c2247eb8"
        }
    },
    "symfony/templating": {
        "version": "v4.1.4"
    },
    "symfony/translation": {
        "version": "3.3",
        "recipe": {
            "repo": "github.com/symfony/recipes",
            "branch": "master",
            "version": "3.3",
            "ref": "6bcd6c570c017ea6ae5a7a6a027c929fd3542cd8"
        }
    },
    "symfony/translation-contracts": {
        "version": "v1.1.2"
    },
    "symfony/twig-bridge": {
        "version": "4.1.x-dev"
    },
    "symfony/twig-bundle": {
        "version": "3.3",
        "recipe": {
            "repo": "github.com/symfony/recipes",
            "branch": "master",
            "version": "3.3",
            "ref": "f75ac166398e107796ca94cc57fa1edaa06ec47f"
        }
    },
    "symfony/validator": {
        "version": "4.1.x-dev"
    },
    "symfony/var-dumper": {
        "version": "4.1.x-dev"
    },
    "symfony/var-exporter": {
        "version": "v4.2.5"
    },
    "symfony/web-link": {
        "version": "4.1.x-dev"
    },
    "symfony/web-profiler-bundle": {
        "version": "3.3",
        "recipe": {
            "repo": "github.com/symfony/recipes",
            "branch": "master",
            "version": "3.3",
            "ref": "6bdfa1a95f6b2e677ab985cd1af2eae35d62e0f6"
        }
    },
    "symfony/webpack-encore-bundle": {
        "version": "1.6",
        "recipe": {
            "repo": "github.com/symfony/recipes",
            "branch": "master",
            "version": "1.6",
            "ref": "69e1d805ad95964088bd510c05995e87dc391564"
        },
        "files": [
            "./assets/css/app.css",
            "./assets/js/app.js",
            "./config/packages/assets.yaml",
            "./config/packages/prod/webpack_encore.yaml",
            "./config/packages/test/webpack_encore.yaml",
            "./config/packages/webpack_encore.yaml",
            "./package.json",
            "./webpack.config.js"
        ]
    },
    "symfony/yaml": {
        "version": "4.1.x-dev"
    },
    "twig/twig": {
        "version": "2.x-dev"
    },
    "vipnytt/opmlparser": {
        "version": "dev-master"
    },
    "webmozart/assert": {
        "version": "1.3-dev"
    },
    "white-october/pagerfanta-bundle": {
        "version": "v1.2.1"
    },
    "zendframework/zend-code": {
        "version": "3.3-dev"
    },
    "zendframework/zend-escaper": {
        "version": "2.7.x-dev"
    },
    "zendframework/zend-eventmanager": {
        "version": "3.2.1"
    },
    "zendframework/zend-feed": {
        "version": "2.10-dev"
    },
    "zendframework/zend-stdlib": {
        "version": "3.3.x-dev"
    },
    "zendframework/zenddiagnostics": {
        "version": "v1.6.0"
    }
}
